
Microsoft Visual Studio Solution File, Format Version 12.00
# Visual Studio 15
VisualStudioVersion = 15.0.26430.16
MinimumVisualStudioVersion = 10.0.40219.1
Project("{FAE04EC0-301F-11D3-BF4B-00C04F79EFBC}") = "Vocal", "Vocal\Vocal.csproj", "{116AC99C-FFEF-4567-8F18-4C4A8BE250E6}"
EndProject
Project("{9A19103F-16F7-4668-BE54-9A1E7A4F7556}") = "TimeCourse", "TimeCourse\TimeCourse.csproj", "{43FA2AA6-1FDF-4555-B098-7DB68354561C}"
EndProject
Project("{FAE04EC0-301F-11D3-BF4B-00C04F79EFBC}") = "SoundWave", "SoundWave\SoundWave.csproj", "{6C490135-5041-492F-B0F8-BC6E130C0832}"
EndProject
Global
	GlobalSection(SolutionConfigurationPlatforms) = preSolution
		Debug|Any CPU = Debug|Any CPU
		Release|Any CPU = Release|Any CPU
	EndGlobalSection
	GlobalSection(ProjectConfigurationPlatforms) = postSolution
		{116AC99C-FFEF-4567-8F18-4C4A8BE250E6}.Debug|Any CPU.ActiveCfg = Debug|Any CPU
		{116AC99C-FFEF-4567-8F18-4C4A8BE250E6}.Debug|Any CPU.Build.0 = Debug|Any CPU
		{116AC99C-FFEF-4567-8F18-4C4A8BE250E6}.Release|Any CPU.ActiveCfg = Release|Any CPU
		{116AC99C-FFEF-4567-8F18-4C4A8BE250E6}.Release|Any CPU.Build.0 = Release|Any CPU
		{43FA2AA6-1FDF-4555-B098-7DB68354561C}.Debug|Any CPU.ActiveCfg = Debug|Any CPU
		{43FA2AA6-1FDF-4555-B098-7DB68354561C}.Debug|Any CPU.Build.0 = Debug|Any CPU
		{43FA2AA6-1FDF-4555-B098-7DB68354561C}.Release|Any CPU.ActiveCfg = Release|Any CPU
		{43FA2AA6-1FDF-4555-B098-7DB68354561C}.Release|Any CPU.Build.0 = Release|Any CPU
		{6C490135-5041-492F-B0F8-BC6E130C0832}.Debug|Any CPU.ActiveCfg = Debug|Any CPU
		{6C490135-5041-492F-B0F8-BC6E130C0832}.Debug|Any CPU.Build.0 = Debug|Any CPU
		{6C490135-5041-492F-B0F8-BC6E130C0832}.Release|Any CPU.ActiveCfg = Release|Any CPU
		{6C490135-5041-492F-B0F8-BC6E130C0832}.Release|Any CPU.Build.0 = Release|Any CPU
	EndGlobalSection
	GlobalSection(SolutionProperties) = preSolution
		HideSolutionNode = FALSE
	EndGlobalSection
EndGlobal
